
Microsoft Visual Studio Solution File, Format Version 10.00
# Visual Studio 2008
Project("{2150E333-8FDC-42A3-9474-1A3956D46DE8}") = "Libraries", "Libraries", "{CF27E24C-1AAB-435B-A6C1-FDD41F01EEEF}"
EndProject
Project("{2150E333-8FDC-42A3-9474-1A3956D46DE8}") = "Sample Programs", "Sample Programs", "{B2A9C9CD-28C7-45C4-BBF1-39EBFB0CFF22}"
EndProject
Project("{8BC9CEB8-8B4A-11D0-8D11-00A0C91BC942}") = "LibNcFTP", "LibNcFTP.vcproj", "{F5B2B45E-FF65-4453-B973-9A7F629EF1F0}"
	ProjectSection(ProjectDependencies) = postProject
		{8CA02427-5921-4678-B1CD-1B81EC4A60D0} = {8CA02427-5921-4678-B1CD-1B81EC4A60D0}
		{7C559EF2-3B28-4968-9D33-2D77A153D3F7} = {7C559EF2-3B28-4968-9D33-2D77A153D3F7}
	EndProjectSection
EndProject
Project("{8BC9CEB8-8B4A-11D0-8D11-00A0C91BC942}") = "sio", "..\sio\sio.vcproj", "{7C559EF2-3B28-4968-9D33-2D77A153D3F7}"
EndProject
Project("{8BC9CEB8-8B4A-11D0-8D11-00A0C91BC942}") = "Strn", "..\Strn\Strn.vcproj", "{8CA02427-5921-4678-B1CD-1B81EC4A60D0}"
EndProject
Project("{8BC9CEB8-8B4A-11D0-8D11-00A0C91BC942}") = "minincftp", "samples\minincftp\minincftp.vcproj", "{37316693-9D0A-41F7-B304-9719FEA3881E}"
	ProjectSection(ProjectDependencies) = postProject
		{8CA02427-5921-4678-B1CD-1B81EC4A60D0} = {8CA02427-5921-4678-B1CD-1B81EC4A60D0}
		{F5B2B45E-FF65-4453-B973-9A7F629EF1F0} = {F5B2B45E-FF65-4453-B973-9A7F629EF1F0}
		{7C559EF2-3B28-4968-9D33-2D77A153D3F7} = {7C559EF2-3B28-4968-9D33-2D77A153D3F7}
	EndProjectSection
EndProject
Project("{2150E333-8FDC-42A3-9474-1A3956D46DE8}") = "Solution Items", "Solution Items", "{87C1A341-5C4B-45F0-B975-82D2723052B9}"
	ProjectSection(SolutionItems) = preProject
		..\README.txt = ..\README.txt
	EndProjectSection
EndProject
Project("{8BC9CEB8-8B4A-11D0-8D11-00A0C91BC942}") = "monkey", "samples\monkey\monkey.vcproj", "{BC057F7B-1799-4220-B31C-9904B7310EC8}"
	ProjectSection(ProjectDependencies) = postProject
		{8CA02427-5921-4678-B1CD-1B81EC4A60D0} = {8CA02427-5921-4678-B1CD-1B81EC4A60D0}
		{F5B2B45E-FF65-4453-B973-9A7F629EF1F0} = {F5B2B45E-FF65-4453-B973-9A7F629EF1F0}
		{7C559EF2-3B28-4968-9D33-2D77A153D3F7} = {7C559EF2-3B28-4968-9D33-2D77A153D3F7}
	EndProjectSection
EndProject
Project("{8BC9CEB8-8B4A-11D0-8D11-00A0C91BC942}") = "ncftpftw", "samples\ncftpftw\ncftpftw.vcproj", "{04C97F42-AFB7-4316-B898-F21527E87911}"
	ProjectSection(ProjectDependencies) = postProject
		{8CA02427-5921-4678-B1CD-1B81EC4A60D0} = {8CA02427-5921-4678-B1CD-1B81EC4A60D0}
		{F5B2B45E-FF65-4453-B973-9A7F629EF1F0} = {F5B2B45E-FF65-4453-B973-9A7F629EF1F0}
		{7C559EF2-3B28-4968-9D33-2D77A153D3F7} = {7C559EF2-3B28-4968-9D33-2D77A153D3F7}
	EndProjectSection
EndProject
Project("{8BC9CEB8-8B4A-11D0-8D11-00A0C91BC942}") = "ncftpget", "samples\ncftpget\ncftpget.vcproj", "{AE951BF4-CDC2-491E-A143-99A0808D46EF}"
	ProjectSection(ProjectDependencies) = postProject
		{8CA02427-5921-4678-B1CD-1B81EC4A60D0} = {8CA02427-5921-4678-B1CD-1B81EC4A60D0}
		{F5B2B45E-FF65-4453-B973-9A7F629EF1F0} = {F5B2B45E-FF65-4453-B973-9A7F629EF1F0}
		{7C559EF2-3B28-4968-9D33-2D77A153D3F7} = {7C559EF2-3B28-4968-9D33-2D77A153D3F7}
	EndProjectSection
EndProject
Project("{8BC9CEB8-8B4A-11D0-8D11-00A0C91BC942}") = "ncftpls", "samples\ncftpls\ncftpls.vcproj", "{8907EF1F-9FF2-4AC7-88FA-8F9E5361A591}"
	ProjectSection(ProjectDependencies) = postProject
		{8CA02427-5921-4678-B1CD-1B81EC4A60D0} = {8CA02427-5921-4678-B1CD-1B81EC4A60D0}
		{F5B2B45E-FF65-4453-B973-9A7F629EF1F0} = {F5B2B45E-FF65-4453-B973-9A7F629EF1F0}
		{7C559EF2-3B28-4968-9D33-2D77A153D3F7} = {7C559EF2-3B28-4968-9D33-2D77A153D3F7}
	EndProjectSection
EndProject
Project("{8BC9CEB8-8B4A-11D0-8D11-00A0C91BC942}") = "ncftpput", "samples\ncftpput\ncftpput.vcproj", "{8224062C-54AA-4D31-AB70-0BC22EF5966B}"
	ProjectSection(ProjectDependencies) = postProject
		{8CA02427-5921-4678-B1CD-1B81EC4A60D0} = {8CA02427-5921-4678-B1CD-1B81EC4A60D0}
		{F5B2B45E-FF65-4453-B973-9A7F629EF1F0} = {F5B2B45E-FF65-4453-B973-9A7F629EF1F0}
		{7C559EF2-3B28-4968-9D33-2D77A153D3F7} = {7C559EF2-3B28-4968-9D33-2D77A153D3F7}
	EndProjectSection
EndProject
Project("{8BC9CEB8-8B4A-11D0-8D11-00A0C91BC942}") = "ncftpsyncput", "samples\ncftpsyncput\ncftpsyncput.vcproj", "{FF9FF9B2-BACE-430D-B073-E338A0BC3287}"
	ProjectSection(ProjectDependencies) = postProject
		{8CA02427-5921-4678-B1CD-1B81EC4A60D0} = {8CA02427-5921-4678-B1CD-1B81EC4A60D0}
		{F5B2B45E-FF65-4453-B973-9A7F629EF1F0} = {F5B2B45E-FF65-4453-B973-9A7F629EF1F0}
		{7C559EF2-3B28-4968-9D33-2D77A153D3F7} = {7C559EF2-3B28-4968-9D33-2D77A153D3F7}
	EndProjectSection
EndProject
Project("{8BC9CEB8-8B4A-11D0-8D11-00A0C91BC942}") = "simpleget", "samples\simpleget\simpleget.vcproj", "{2D0E6310-B004-410E-B629-53714B5EB7BE}"
	ProjectSection(ProjectDependencies) = postProject
		{8CA02427-5921-4678-B1CD-1B81EC4A60D0} = {8CA02427-5921-4678-B1CD-1B81EC4A60D0}
		{F5B2B45E-FF65-4453-B973-9A7F629EF1F0} = {F5B2B45E-FF65-4453-B973-9A7F629EF1F0}
		{7C559EF2-3B28-4968-9D33-2D77A153D3F7} = {7C559EF2-3B28-4968-9D33-2D77A153D3F7}
	EndProjectSection
EndProject
Global
	GlobalSection(SolutionConfigurationPlatforms) = preSolution
		Debug|Win32 = Debug|Win32
		Release|Win32 = Release|Win32
	EndGlobalSection
	GlobalSection(ProjectConfigurationPlatforms) = postSolution
		{F5B2B45E-FF65-4453-B973-9A7F629EF1F0}.Debug|Win32.ActiveCfg = Debug|Win32
		{F5B2B45E-FF65-4453-B973-9A7F629EF1F0}.Debug|Win32.Build.0 = Debug|Win32
		{F5B2B45E-FF65-4453-B973-9A7F629EF1F0}.Release|Win32.ActiveCfg = Release|Win32
		{F5B2B45E-FF65-4453-B973-9A7F629EF1F0}.Release|Win32.Build.0 = Release|Win32
		{7C559EF2-3B28-4968-9D33-2D77A153D3F7}.Debug|Win32.ActiveCfg = Debug|Win32
		{7C559EF2-3B28-4968-9D33-2D77A153D3F7}.Debug|Win32.Build.0 = Debug|Win32
		{7C559EF2-3B28-4968-9D33-2D77A153D3F7}.Release|Win32.ActiveCfg = Release|Win32
		{7C559EF2-3B28-4968-9D33-2D77A153D3F7}.Release|Win32.Build.0 = Release|Win32
		{8CA02427-5921-4678-B1CD-1B81EC4A60D0}.Debug|Win32.ActiveCfg = Debug|Win32
		{8CA02427-5921-4678-B1CD-1B81EC4A60D0}.Debug|Win32.Build.0 = Debug|Win32
		{8CA02427-5921-4678-B1CD-1B81EC4A60D0}.Release|Win32.ActiveCfg = Release|Win32
		{8CA02427-5921-4678-B1CD-1B81EC4A60D0}.Release|Win32.Build.0 = Release|Win32
		{37316693-9D0A-41F7-B304-9719FEA3881E}.Debug|Win32.ActiveCfg = Debug|Win32
		{37316693-9D0A-41F7-B304-9719FEA3881E}.Debug|Win32.Build.0 = Debug|Win32
		{37316693-9D0A-41F7-B304-9719FEA3881E}.Release|Win32.ActiveCfg = Release|Win32
		{37316693-9D0A-41F7-B304-9719FEA3881E}.Release|Win32.Build.0 = Release|Win32
		{BC057F7B-1799-4220-B31C-9904B7310EC8}.Debug|Win32.ActiveCfg = Debug|Win32
		{BC057F7B-1799-4220-B31C-9904B7310EC8}.Debug|Win32.Build.0 = Debug|Win32
		{BC057F7B-1799-4220-B31C-9904B7310EC8}.Release|Win32.ActiveCfg = Release|Win32
		{BC057F7B-1799-4220-B31C-9904B7310EC8}.Release|Win32.Build.0 = Release|Win32
		{04C97F42-AFB7-4316-B898-F21527E87911}.Debug|Win32.ActiveCfg = Debug|Win32
		{04C97F42-AFB7-4316-B898-F21527E87911}.Debug|Win32.Build.0 = Debug|Win32
		{04C97F42-AFB7-4316-B898-F21527E87911}.Release|Win32.ActiveCfg = Release|Win32
		{04C97F42-AFB7-4316-B898-F21527E87911}.Release|Win32.Build.0 = Release|Win32
		{AE951BF4-CDC2-491E-A143-99A0808D46EF}.Debug|Win32.ActiveCfg = Debug|Win32
		{AE951BF4-CDC2-491E-A143-99A0808D46EF}.Debug|Win32.Build.0 = Debug|Win32
		{AE951BF4-CDC2-491E-A143-99A0808D46EF}.Release|Win32.ActiveCfg = Release|Win32
		{AE951BF4-CDC2-491E-A143-99A0808D46EF}.Release|Win32.Build.0 = Release|Win32
		{8907EF1F-9FF2-4AC7-88FA-8F9E5361A591}.Debug|Win32.ActiveCfg = Debug|Win32
		{8907EF1F-9FF2-4AC7-88FA-8F9E5361A591}.Debug|Win32.Build.0 = Debug|Win32
		{8907EF1F-9FF2-4AC7-88FA-8F9E5361A591}.Release|Win32.ActiveCfg = Release|Win32
		{8907EF1F-9FF2-4AC7-88FA-8F9E5361A591}.Release|Win32.Build.0 = Release|Win32
		{8224062C-54AA-4D31-AB70-0BC22EF5966B}.Debug|Win32.ActiveCfg = Debug|Win32
		{8224062C-54AA-4D31-AB70-0BC22EF5966B}.Debug|Win32.Build.0 = Debug|Win32
		{8224062C-54AA-4D31-AB70-0BC22EF5966B}.Release|Win32.ActiveCfg = Release|Win32
		{8224062C-54AA-4D31-AB70-0BC22EF5966B}.Release|Win32.Build.0 = Release|Win32
		{FF9FF9B2-BACE-430D-B073-E338A0BC3287}.Debug|Win32.ActiveCfg = Debug|Win32
		{FF9FF9B2-BACE-430D-B073-E338A0BC3287}.Debug|Win32.Build.0 = Debug|Win32
		{FF9FF9B2-BACE-430D-B073-E338A0BC3287}.Release|Win32.ActiveCfg = Release|Win32
		{FF9FF9B2-BACE-430D-B073-E338A0BC3287}.Release|Win32.Build.0 = Release|Win32
		{2D0E6310-B004-410E-B629-53714B5EB7BE}.Debug|Win32.ActiveCfg = Debug|Win32
		{2D0E6310-B004-410E-B629-53714B5EB7BE}.Debug|Win32.Build.0 = Debug|Win32
		{2D0E6310-B004-410E-B629-53714B5EB7BE}.Release|Win32.ActiveCfg = Release|Win32
		{2D0E6310-B004-410E-B629-53714B5EB7BE}.Release|Win32.Build.0 = Release|Win32
	EndGlobalSection
	GlobalSection(SolutionProperties) = preSolution
		HideSolutionNode = FALSE
	EndGlobalSection
	GlobalSection(NestedProjects) = preSolution
		{F5B2B45E-FF65-4453-B973-9A7F629EF1F0} = {CF27E24C-1AAB-435B-A6C1-FDD41F01EEEF}
		{7C559EF2-3B28-4968-9D33-2D77A153D3F7} = {CF27E24C-1AAB-435B-A6C1-FDD41F01EEEF}
		{8CA02427-5921-4678-B1CD-1B81EC4A60D0} = {CF27E24C-1AAB-435B-A6C1-FDD41F01EEEF}
		{37316693-9D0A-41F7-B304-9719FEA3881E} = {B2A9C9CD-28C7-45C4-BBF1-39EBFB0CFF22}
		{BC057F7B-1799-4220-B31C-9904B7310EC8} = {B2A9C9CD-28C7-45C4-BBF1-39EBFB0CFF22}
		{04C97F42-AFB7-4316-B898-F21527E87911} = {B2A9C9CD-28C7-45C4-BBF1-39EBFB0CFF22}
		{AE951BF4-CDC2-491E-A143-99A0808D46EF} = {B2A9C9CD-28C7-45C4-BBF1-39EBFB0CFF22}
		{8907EF1F-9FF2-4AC7-88FA-8F9E5361A591} = {B2A9C9CD-28C7-45C4-BBF1-39EBFB0CFF22}
		{8224062C-54AA-4D31-AB70-0BC22EF5966B} = {B2A9C9CD-28C7-45C4-BBF1-39EBFB0CFF22}
		{FF9FF9B2-BACE-430D-B073-E338A0BC3287} = {B2A9C9CD-28C7-45C4-BBF1-39EBFB0CFF22}
		{2D0E6310-B004-410E-B629-53714B5EB7BE} = {B2A9C9CD-28C7-45C4-BBF1-39EBFB0CFF22}
	EndGlobalSection
EndGlobal
