
Microsoft Visual Studio Solution File, Format Version 10.00
# Visual Studio 2008
Project("{8BC9CEB8-8B4A-11D0-8D11-00A0C91BC942}") = "ncftpget", "ncftpget.vcproj", "{AE951BF4-CDC2-491E-A143-99A0808D46EF}"
EndProject
Global
	GlobalSection(SolutionConfigurationPlatforms) = preSolution
		Debug|Win32 = Debug|Win32
		Release|Win32 = Release|Win32
	EndGlobalSection
	GlobalSection(ProjectConfigurationPlatforms) = postSolution
		{AE951BF4-CDC2-491E-A143-99A0808D46EF}.Debug|Win32.ActiveCfg = Debug|Win32
		{AE951BF4-CDC2-491E-A143-99A0808D46EF}.Debug|Win32.Build.0 = Debug|Win32
		{AE951BF4-CDC2-491E-A143-99A0808D46EF}.Release|Win32.ActiveCfg = Release|Win32
		{AE951BF4-CDC2-491E-A143-99A0808D46EF}.Release|Win32.Build.0 = Release|Win32
	EndGlobalSection
	GlobalSection(SolutionProperties) = preSolution
		HideSolutionNode = FALSE
	EndGlobalSection
EndGlobal
